
Microsoft Visual Studio Solution File, Format Version 12.00
# Visual Studio Version 16
VisualStudioVersion = 16.0.29709.97
MinimumVisualStudioVersion = 10.0.40219.1
Project("{FAE04EC0-301F-11D3-BF4B-00C04F79EFBC}") = "Web_Games_Store_Locus", "Web_Games_Store_Locus\Web_Games_Store_Locus.csproj", "{FD27CD55-F192-48D3-9BA1-12CCEF1FBFD7}"
EndProject
Global
	GlobalSection(SolutionConfigurationPlatforms) = preSolution
		Debug|Any CPU = Debug|Any CPU
		Release|Any CPU = Release|Any CPU
	EndGlobalSection
	GlobalSection(ProjectConfigurationPlatforms) = postSolution
		{FD27CD55-F192-48D3-9BA1-12CCEF1FBFD7}.Debug|Any CPU.ActiveCfg = Debug|Any CPU
		{FD27CD55-F192-48D3-9BA1-12CCEF1FBFD7}.Debug|Any CPU.Build.0 = Debug|Any CPU
		{FD27CD55-F192-48D3-9BA1-12CCEF1FBFD7}.Release|Any CPU.ActiveCfg = Release|Any CPU
		{FD27CD55-F192-48D3-9BA1-12CCEF1FBFD7}.Release|Any CPU.Build.0 = Release|Any CPU
	EndGlobalSection
	GlobalSection(SolutionProperties) = preSolution
		HideSolutionNode = FALSE
	EndGlobalSection
	GlobalSection(ExtensibilityGlobals) = postSolution
		SolutionGuid = {92A99F69-676F-4C67-AF09-943A51EC4D88}
	EndGlobalSection
EndGlobal
